github.com/haukened/gourban v0.0.0-20200310145847-df19a0041357 h1:S4siKO9sEFRJhZoP/oMQ6tavyqfDKGFWj2xtowpc1o4=
github.com/haukened/gourban v0.0.0-20200310145847-df19a0041357/go.mod h1:TaXhZRdYX2Nlzr1P3be8wSvDVQJmApQEw27olMLSzPA=
samhofi.us/x/keybase v0.0.0-20200308154734-5a7a6d753885 h1:8LDliNV8/3KnQvqYMby6tgegZT4+19zGz9ysi0UMqus=
samhofi.us/x/keybase v0.0.0-20200308154734-5a7a6d753885/go.mod h1:fcva80IUFyWcHtV4bBSzgKg07K6Rvuvi3GtGCLNGkyE=
